github.com/jaffee/commandeer v0.1.0 h1:UxHHnhKmtz8gAgqu67lYK5tlX5D9A86mGc9AWcEMSWU=
github.com/jaffee/commandeer v0.1.0/go.mod h1:x1WpthEI14PRNcPtVna43ontBxJ1o7plCOsZ8kksl8M=
github.com/pkg/errors v0.8.1 h1:iURUrRGxPUNPdy5/HRSm+Yj6okJ6UtLINN0Q9M4+h3I=
github.com/pkg/errors v0.8.1/go.mod h1:bwawxfHBFNV+L2hUp1rHADufV3IMtnDRdf1r5NINEl0=
golang.org/x/sync v0.0.0-20190423024810-112230192c58 h1:8gQV6CLnAEikrhgkHFbMAEhagSSnXWGV915qUMm9mrU=
golang.org/x/sync v0.0.0-20190423024810-112230192c58/go.mod h1:RxMgew5VJxzue5/jJTE5uejpjVlOe/izrB70Jof72aM=
